
Microsoft Visual Studio Solution File, Format Version 12.00
# Visual Studio 15
VisualStudioVersion = 15.0.27004.2002
MinimumVisualStudioVersion = 10.0.40219.1
Project("{FAE04EC0-301F-11D3-BF4B-00C04F79EFBC}") = "XmlSerialization", "XmlSerilization\XmlSerialization.csproj", "{7A0016A0-147F-4597-ADB6-8B34BA8B123A}"
EndProject
Global
	GlobalSection(SolutionConfigurationPlatforms) = preSolution
		Debug|Any CPU = Debug|Any CPU
		Release|Any CPU = Release|Any CPU
	EndGlobalSection
	GlobalSection(ProjectConfigurationPlatforms) = postSolution
		{7A0016A0-147F-4597-ADB6-8B34BA8B123A}.Debug|Any CPU.ActiveCfg = Debug|Any CPU
		{7A0016A0-147F-4597-ADB6-8B34BA8B123A}.Debug|Any CPU.Build.0 = Debug|Any CPU
		{7A0016A0-147F-4597-ADB6-8B34BA8B123A}.Release|Any CPU.ActiveCfg = Release|Any CPU
		{7A0016A0-147F-4597-ADB6-8B34BA8B123A}.Release|Any CPU.Build.0 = Release|Any CPU
	EndGlobalSection
	GlobalSection(SolutionProperties) = preSolution
		HideSolutionNode = FALSE
	EndGlobalSection
	GlobalSection(ExtensibilityGlobals) = postSolution
		SolutionGuid = {7E48CCA0-65A3-45FE-B0CB-A5B0D0219495}
	EndGlobalSection
EndGlobal
